Microsoft Visual Studio Solution File, Format Version 12.00
# Visual Studio Version 16
VisualStudioVersion = 16.0.29911.84
MinimumVisualStudioVersion = 10.0.40219.1
Project("{8BC9CEB8-8B4A-11D0-8D11-00A0C91BC942}") = "bitload", "bitload.vcproj", "{A27A8BF7-E1C3-40B4-A683-2AC6C8722C8D}"
	ProjectSection(ProjectDependencies) = postProject
		{A85F02F4-E2CE-4A92-8071-EE637A6A0A7B} = {A85F02F4-E2CE-4A92-8071-EE637A6A0A7B}
		{B3A747CD-3767-4461-8A61-46D231070DF9} = {B3A747CD-3767-4461-8A61-46D231070DF9}
	EndProjectSection
EndProject
Project("{8BC9CEB8-8B4A-11D0-8D11-00A0C91BC942}") = "checkcam", "checkcam.vcproj", "{7805B0C3-5EF7-4BEE-A22A-16EA1457AEF5}"
	ProjectSection(ProjectDependencies) = postProject
		{A85F02F4-E2CE-4A92-8071-EE637A6A0A7B} = {A85F02F4-E2CE-4A92-8071-EE637A6A0A7B}
		{B3A747CD-3767-4461-8A61-46D231070DF9} = {B3A747CD-3767-4461-8A61-46D231070DF9}
	EndProjectSection
EndProject
Project("{8BC9CEB8-8B4A-11D0-8D11-00A0C91BC942}") = "check_gap_cl", "check_gap_cl.vcproj", "{A04AC286-78CF-4EDD-8506-9662522AA839}"
	ProjectSection(ProjectDependencies) = postProject
		{A85F02F4-E2CE-4A92-8071-EE637A6A0A7B} = {A85F02F4-E2CE-4A92-8071-EE637A6A0A7B}
		{B3A747CD-3767-4461-8A61-46D231070DF9} = {B3A747CD-3767-4461-8A61-46D231070DF9}
	EndProjectSection
EndProject
Project("{8BC9CEB8-8B4A-11D0-8D11-00A0C91BC942}") = "cl_logic", "cl_logic.vcproj", "{F4A0DE06-65C7-4D7E-8048-88DDB81D3779}"
	ProjectSection(ProjectDependencies) = postProject
		{A85F02F4-E2CE-4A92-8071-EE637A6A0A7B} = {A85F02F4-E2CE-4A92-8071-EE637A6A0A7B}
		{B3A747CD-3767-4461-8A61-46D231070DF9} = {B3A747CD-3767-4461-8A61-46D231070DF9}
	EndProjectSection
EndProject
Project("{8BC9CEB8-8B4A-11D0-8D11-00A0C91BC942}") = "clsiminit", "clsiminit.vcproj", "{1A842F1D-9531-43BD-B2E1-574BD26B04BA}"
	ProjectSection(ProjectDependencies) = postProject
		{A85F02F4-E2CE-4A92-8071-EE637A6A0A7B} = {A85F02F4-E2CE-4A92-8071-EE637A6A0A7B}
		{B3A747CD-3767-4461-8A61-46D231070DF9} = {B3A747CD-3767-4461-8A61-46D231070DF9}
	EndProjectSection
EndProject
Project("{8BC9CEB8-8B4A-11D0-8D11-00A0C91BC942}") = "cl_speed", "cl_speed.vcproj", "{D9DB4B2D-2A0F-4D20-8316-DA4837D7F78D}"
	ProjectSection(ProjectDependencies) = postProject
		{A85F02F4-E2CE-4A92-8071-EE637A6A0A7B} = {A85F02F4-E2CE-4A92-8071-EE637A6A0A7B}
		{B3A747CD-3767-4461-8A61-46D231070DF9} = {B3A747CD-3767-4461-8A61-46D231070DF9}
	EndProjectSection
EndProject
Project("{8BC9CEB8-8B4A-11D0-8D11-00A0C91BC942}") = "clink_tester", "clink_tester.vcproj", "{C81F7123-E912-4ABE-8BD6-7A7435A91EA9}"
	ProjectSection(ProjectDependencies) = postProject
		{A85F02F4-E2CE-4A92-8071-EE637A6A0A7B} = {A85F02F4-E2CE-4A92-8071-EE637A6A0A7B}
		{B3A747CD-3767-4461-8A61-46D231070DF9} = {B3A747CD-3767-4461-8A61-46D231070DF9}
	EndProjectSection
EndProject
Project("{8BC9CEB8-8B4A-11D0-8D11-00A0C91BC942}") = "countbits", "countbits.vcproj", "{1DB78D09-6E40-4D58-BE87-07C0117C0C88}"
	ProjectSection(ProjectDependencies) = postProject
		{A85F02F4-E2CE-4A92-8071-EE637A6A0A7B} = {A85F02F4-E2CE-4A92-8071-EE637A6A0A7B}
		{B3A747CD-3767-4461-8A61-46D231070DF9} = {B3A747CD-3767-4461-8A61-46D231070DF9}
	EndProjectSection
EndProject
Project("{8BC9CEB8-8B4A-11D0-8D11-00A0C91BC942}") = "dumpit", "dumpit.vcproj", "{D02C9D43-839A-4123-860D-91DD4683DCCB}"
	ProjectSection(ProjectDependencies) = postProject
		{A85F02F4-E2CE-4A92-8071-EE637A6A0A7B} = {A85F02F4-E2CE-4A92-8071-EE637A6A0A7B}
		{B3A747CD-3767-4461-8A61-46D231070DF9} = {B3A747CD-3767-4461-8A61-46D231070DF9}
	EndProjectSection
EndProject
Project("{8BC9CEB8-8B4A-11D0-8D11-00A0C91BC942}") = "dvinfo", "dvinfo.vcproj", "{9FB0263F-FF8C-4F29-A9DD-57A5756E46D8}"
	ProjectSection(ProjectDependencies) = postProject
		{A85F02F4-E2CE-4A92-8071-EE637A6A0A7B} = {A85F02F4-E2CE-4A92-8071-EE637A6A0A7B}
		{B3A747CD-3767-4461-8A61-46D231070DF9} = {B3A747CD-3767-4461-8A61-46D231070DF9}
	EndProjectSection
EndProject
Project("{8BC9CEB8-8B4A-11D0-8D11-00A0C91BC942}") = "edt_sysinfo", "edt_sysinfo.vcproj", "{7C6DA18E-B487-424B-9F1D-CEF6DAB0CD7D}"
	ProjectSection(ProjectDependencies) = postProject
		{A85F02F4-E2CE-4A92-8071-EE637A6A0A7B} = {A85F02F4-E2CE-4A92-8071-EE637A6A0A7B}
		{B3A747CD-3767-4461-8A61-46D231070DF9} = {B3A747CD-3767-4461-8A61-46D231070DF9}
	EndProjectSection
EndProject
Project("{8BC9CEB8-8B4A-11D0-8D11-00A0C91BC942}") = "gen_tiffs", "gen_tiffs.vcproj", "{918F6334-ED92-4F58-8679-7A695D88F187}"
	ProjectSection(ProjectDependencies) = postProject
		{A85F02F4-E2CE-4A92-8071-EE637A6A0A7B} = {A85F02F4-E2CE-4A92-8071-EE637A6A0A7B}
		{B3A747CD-3767-4461-8A61-46D231070DF9} = {B3A747CD-3767-4461-8A61-46D231070DF9}
	EndProjectSection
EndProject
Project("{8BC9CEB8-8B4A-11D0-8D11-00A0C91BC942}") = "initcam", "initcam.vcproj", "{CBE21470-3584-4852-A302-6DC6129D2340}"
	ProjectSection(ProjectDependencies) = postProject
		{A85F02F4-E2CE-4A92-8071-EE637A6A0A7B} = {A85F02F4-E2CE-4A92-8071-EE637A6A0A7B}
		{B3A747CD-3767-4461-8A61-46D231070DF9} = {B3A747CD-3767-4461-8A61-46D231070DF9}
	EndProjectSection
EndProject
Project("{8BC9CEB8-8B4A-11D0-8D11-00A0C91BC942}") = "irigdump", "irigdump.vcproj", "{208F584E-7DA5-4EA0-BDE2-755D953B21AB}"
	ProjectSection(ProjectDependencies) = postProject
		{A85F02F4-E2CE-4A92-8071-EE637A6A0A7B} = {A85F02F4-E2CE-4A92-8071-EE637A6A0A7B}
		{B3A747CD-3767-4461-8A61-46D231070DF9} = {B3A747CD-3767-4461-8A61-46D231070DF9}
	EndProjectSection
EndProject
Project("{8BC9CEB8-8B4A-11D0-8D11-00A0C91BC942}") = "new_strobe", "new_strobe.vcproj", "{0A1E1DC4-51FF-4441-9BDF-E40A7608BE8F}"
	ProjectSection(ProjectDependencies) = postProject
		{A85F02F4-E2CE-4A92-8071-EE637A6A0A7B} = {A85F02F4-E2CE-4A92-8071-EE637A6A0A7B}
		{B3A747CD-3767-4461-8A61-46D231070DF9} = {B3A747CD-3767-4461-8A61-46D231070DF9}
	EndProjectSection
EndProject
Project("{8BC9CEB8-8B4A-11D0-8D11-00A0C91BC942}") = "optstr", "optstr.vcproj", "{1A407F91-9B4D-4110-AB0C-EA153ED460B9}"
	ProjectSection(ProjectDependencies) = postProject
		{A85F02F4-E2CE-4A92-8071-EE637A6A0A7B} = {A85F02F4-E2CE-4A92-8071-EE637A6A0A7B}
		{B3A747CD-3767-4461-8A61-46D231070DF9} = {B3A747CD-3767-4461-8A61-46D231070DF9}
	EndProjectSection
EndProject
Project("{8BC9CEB8-8B4A-11D0-8D11-00A0C91BC942}") = "pdb", "pdb.vcproj", "{2099A4C5-4FB1-466B-A2B2-26F79D2ED0A5}"
	ProjectSection(ProjectDependencies) = postProject
		{A85F02F4-E2CE-4A92-8071-EE637A6A0A7B} = {A85F02F4-E2CE-4A92-8071-EE637A6A0A7B}
		{B3A747CD-3767-4461-8A61-46D231070DF9} = {B3A747CD-3767-4461-8A61-46D231070DF9}
	EndProjectSection
EndProject
Project("{8BC9CEB8-8B4A-11D0-8D11-00A0C91BC942}") = "pdbcls10b", "pdbcls10b.vcproj", "{4308A667-4AB2-468D-A8CD-595FE66D71A5}"
	ProjectSection(ProjectDependencies) = postProject
		{A85F02F4-E2CE-4A92-8071-EE637A6A0A7B} = {A85F02F4-E2CE-4A92-8071-EE637A6A0A7B}
		{B3A747CD-3767-4461-8A61-46D231070DF9} = {B3A747CD-3767-4461-8A61-46D231070DF9}
	EndProjectSection
EndProject
Project("{8BC9CEB8-8B4A-11D0-8D11-00A0C91BC942}") = "pdvplayback", "pdvplayback.vcproj", "{6B0667D0-646C-4904-A98C-01FF54A3FFC0}"
	ProjectSection(ProjectDependencies) = postProject
		{A85F02F4-E2CE-4A92-8071-EE637A6A0A7B} = {A85F02F4-E2CE-4A92-8071-EE637A6A0A7B}
		{B3A747CD-3767-4461-8A61-46D231070DF9} = {B3A747CD-3767-4461-8A61-46D231070DF9}
	EndProjectSection
EndProject
Project("{8BC9CEB8-8B4A-11D0-8D11-00A0C91BC942}") = "rcxload", "rcxload.vcproj", "{624C8E12-0C79-4F7F-AF8A-D86DB0F373F5}"
	ProjectSection(ProjectDependencies) = postProject
		{A85F02F4-E2CE-4A92-8071-EE637A6A0A7B} = {A85F02F4-E2CE-4A92-8071-EE637A6A0A7B}
		{B3A747CD-3767-4461-8A61-46D231070DF9} = {B3A747CD-3767-4461-8A61-46D231070DF9}
	EndProjectSection
EndProject
Project("{8BC9CEB8-8B4A-11D0-8D11-00A0C91BC942}") = "rcxmake", "rcxmake.vcproj", "{C28C0699-667B-431B-8B6A-6B3AA1543F07}"
	ProjectSection(ProjectDependencies) = postProject
		{A85F02F4-E2CE-4A92-8071-EE637A6A0A7B} = {A85F02F4-E2CE-4A92-8071-EE637A6A0A7B}
		{B3A747CD-3767-4461-8A61-46D231070DF9} = {B3A747CD-3767-4461-8A61-46D231070DF9}
	EndProjectSection
EndProject
Project("{8BC9CEB8-8B4A-11D0-8D11-00A0C91BC942}") = "send_tiffs", "send_tiffs.vcproj", "{D3B3867B-2A4A-449F-8693-7E6DFE94DE70}"
	ProjectSection(ProjectDependencies) = postProject
		{A85F02F4-E2CE-4A92-8071-EE637A6A0A7B} = {A85F02F4-E2CE-4A92-8071-EE637A6A0A7B}
		{B3A747CD-3767-4461-8A61-46D231070DF9} = {B3A747CD-3767-4461-8A61-46D231070DF9}
	EndProjectSection
EndProject
Project("{8BC9CEB8-8B4A-11D0-8D11-00A0C91BC942}") = "serial_cmd", "serial_cmd.vcproj", "{23DF9D9A-9B82-45AD-8254-5FBA197BA40D}"
	ProjectSection(ProjectDependencies) = postProject
		{A85F02F4-E2CE-4A92-8071-EE637A6A0A7B} = {A85F02F4-E2CE-4A92-8071-EE637A6A0A7B}
		{B3A747CD-3767-4461-8A61-46D231070DF9} = {B3A747CD-3767-4461-8A61-46D231070DF9}
	EndProjectSection
EndProject
Project("{8BC9CEB8-8B4A-11D0-8D11-00A0C91BC942}") = "setdebug", "setdebug.vcproj", "{B89ED3C9-A841-4D9F-A947-7A7E2DD339F7}"
	ProjectSection(ProjectDependencies) = postProject
		{A85F02F4-E2CE-4A92-8071-EE637A6A0A7B} = {A85F02F4-E2CE-4A92-8071-EE637A6A0A7B}
		{B3A747CD-3767-4461-8A61-46D231070DF9} = {B3A747CD-3767-4461-8A61-46D231070DF9}
	EndProjectSection
EndProject
Project("{8BC9CEB8-8B4A-11D0-8D11-00A0C91BC942}") = "setperiod", "setperiod.vcproj", "{F31B7F0C-8D36-4CF6-A72D-4299A9CAE7CD}"
	ProjectSection(ProjectDependencies) = postProject
		{A85F02F4-E2CE-4A92-8071-EE637A6A0A7B} = {A85F02F4-E2CE-4A92-8071-EE637A6A0A7B}
		{B3A747CD-3767-4461-8A61-46D231070DF9} = {B3A747CD-3767-4461-8A61-46D231070DF9}
	EndProjectSection
EndProject
Project("{8BC9CEB8-8B4A-11D0-8D11-00A0C91BC942}") = "simple_bc", "simple_bc.vcproj", "{545C5198-7BC5-4ADD-BFE4-8EEA906454F9}"
	ProjectSection(ProjectDependencies) = postProject
		{A85F02F4-E2CE-4A92-8071-EE637A6A0A7B} = {A85F02F4-E2CE-4A92-8071-EE637A6A0A7B}
		{B3A747CD-3767-4461-8A61-46D231070DF9} = {B3A747CD-3767-4461-8A61-46D231070DF9}
	EndProjectSection
EndProject
Project("{8BC9CEB8-8B4A-11D0-8D11-00A0C91BC942}") = "simple_clsend", "simple_clsend.vcproj", "{21372477-716B-420F-BE92-EEA73A45A79B}"
	ProjectSection(ProjectDependencies) = postProject
		{A85F02F4-E2CE-4A92-8071-EE637A6A0A7B} = {A85F02F4-E2CE-4A92-8071-EE637A6A0A7B}
		{B3A747CD-3767-4461-8A61-46D231070DF9} = {B3A747CD-3767-4461-8A61-46D231070DF9}
	EndProjectSection
EndProject
Project("{8BC9CEB8-8B4A-11D0-8D11-00A0C91BC942}") = "simple_event", "simple_event.vcproj", "{D2975976-071F-4662-85E2-E5D796236F21}"
	ProjectSection(ProjectDependencies) = postProject
		{A85F02F4-E2CE-4A92-8071-EE637A6A0A7B} = {A85F02F4-E2CE-4A92-8071-EE637A6A0A7B}
		{B3A747CD-3767-4461-8A61-46D231070DF9} = {B3A747CD-3767-4461-8A61-46D231070DF9}
	EndProjectSection
EndProject
Project("{8BC9CEB8-8B4A-11D0-8D11-00A0C91BC942}") = "simple_etrig", "simple_etrig.vcproj", "{78AFCEF1-ED91-45B1-BE32-4FB171D6051C}"
	ProjectSection(ProjectDependencies) = postProject
		{A85F02F4-E2CE-4A92-8071-EE637A6A0A7B} = {A85F02F4-E2CE-4A92-8071-EE637A6A0A7B}
		{B3A747CD-3767-4461-8A61-46D231070DF9} = {B3A747CD-3767-4461-8A61-46D231070DF9}
	EndProjectSection
EndProject
Project("{8BC9CEB8-8B4A-11D0-8D11-00A0C91BC942}") = "simple_irig2", "simple_irig2.vcproj", "{CD492CF4-DBD6-4789-8947-D37399B6709E}"
	ProjectSection(ProjectDependencies) = postProject
		{A85F02F4-E2CE-4A92-8071-EE637A6A0A7B} = {A85F02F4-E2CE-4A92-8071-EE637A6A0A7B}
		{B3A747CD-3767-4461-8A61-46D231070DF9} = {B3A747CD-3767-4461-8A61-46D231070DF9}
	EndProjectSection
EndProject
Project("{8BC9CEB8-8B4A-11D0-8D11-00A0C91BC942}") = "simplemem", "simplemem.vcproj", "{8B2B4776-10E2-4A6D-B7F0-E1FF9DFECE20}"
	ProjectSection(ProjectDependencies) = postProject
		{A85F02F4-E2CE-4A92-8071-EE637A6A0A7B} = {A85F02F4-E2CE-4A92-8071-EE637A6A0A7B}
		{B3A747CD-3767-4461-8A61-46D231070DF9} = {B3A747CD-3767-4461-8A61-46D231070DF9}
	EndProjectSection
EndProject
Project("{8BC9CEB8-8B4A-11D0-8D11-00A0C91BC942}") = "simple_sequence", "simple_sequence.vcproj", "{6D694C08-5644-4E30-8064-F3E5BB1005B4}"
	ProjectSection(ProjectDependencies) = postProject
		{A85F02F4-E2CE-4A92-8071-EE637A6A0A7B} = {A85F02F4-E2CE-4A92-8071-EE637A6A0A7B}
		{B3A747CD-3767-4461-8A61-46D231070DF9} = {B3A747CD-3767-4461-8A61-46D231070DF9}
	EndProjectSection
EndProject
Project("{8BC9CEB8-8B4A-11D0-8D11-00A0C91BC942}") = "simplest_take", "simplest_take.vcproj", "{62C6D6F8-F1BB-4473-8BBD-29CEB77471F9}"
	ProjectSection(ProjectDependencies) = postProject
		{A85F02F4-E2CE-4A92-8071-EE637A6A0A7B} = {A85F02F4-E2CE-4A92-8071-EE637A6A0A7B}
		{B3A747CD-3767-4461-8A61-46D231070DF9} = {B3A747CD-3767-4461-8A61-46D231070DF9}
	EndProjectSection
EndProject
Project("{8BC9CEB8-8B4A-11D0-8D11-00A0C91BC942}") = "test_take", "simple_take.vcxproj", "{AB1C500E-A301-4439-82D8-44658CE6939B}"
EndProject
Project("{8BC9CEB8-8B4A-11D0-8D11-00A0C91BC942}") = "speedtest", "speedtest.vcproj", "{D69484D6-47EA-4F22-9CA9-FAC0576CC8E8}"
	ProjectSection(ProjectDependencies) = postProject
		{A85F02F4-E2CE-4A92-8071-EE637A6A0A7B} = {A85F02F4-E2CE-4A92-8071-EE637A6A0A7B}
		{B3A747CD-3767-4461-8A61-46D231070DF9} = {B3A747CD-3767-4461-8A61-46D231070DF9}
	EndProjectSection
EndProject
Project("{8BC9CEB8-8B4A-11D0-8D11-00A0C91BC942}") = "strobe", "strobe.vcproj", "{E2CF2DD4-EA8A-4A87-96FF-197DFC2BFF4C}"
	ProjectSection(ProjectDependencies) = postProject
		{A85F02F4-E2CE-4A92-8071-EE637A6A0A7B} = {A85F02F4-E2CE-4A92-8071-EE637A6A0A7B}
		{B3A747CD-3767-4461-8A61-46D231070DF9} = {B3A747CD-3767-4461-8A61-46D231070DF9}
	EndProjectSection
EndProject
Project("{8BC9CEB8-8B4A-11D0-8D11-00A0C91BC942}") = "take", "take.vcproj", "{E2AB48DC-B829-4F83-AC2B-45B89C016FD6}"
	ProjectSection(ProjectDependencies) = postProject
		{A85F02F4-E2CE-4A92-8071-EE637A6A0A7B} = {A85F02F4-E2CE-4A92-8071-EE637A6A0A7B}
		{B3A747CD-3767-4461-8A61-46D231070DF9} = {B3A747CD-3767-4461-8A61-46D231070DF9}
	EndProjectSection
EndProject
Project("{8BC9CEB8-8B4A-11D0-8D11-00A0C91BC942}") = "taketwo", "taketwo.vcproj", "{695B5CA2-0FD5-4C21-AE0E-0EC65BABD21F}"
	ProjectSection(ProjectDependencies) = postProject
		{A85F02F4-E2CE-4A92-8071-EE637A6A0A7B} = {A85F02F4-E2CE-4A92-8071-EE637A6A0A7B}
		{B3A747CD-3767-4461-8A61-46D231070DF9} = {B3A747CD-3767-4461-8A61-46D231070DF9}
	EndProjectSection
EndProject
Project("{8BC9CEB8-8B4A-11D0-8D11-00A0C91BC942}") = "trace", "trace.vcproj", "{E200A6E0-FA99-4008-8C2E-7253B06D8AF8}"
	ProjectSection(ProjectDependencies) = postProject
		{A85F02F4-E2CE-4A92-8071-EE637A6A0A7B} = {A85F02F4-E2CE-4A92-8071-EE637A6A0A7B}
		{B3A747CD-3767-4461-8A61-46D231070DF9} = {B3A747CD-3767-4461-8A61-46D231070DF9}
	EndProjectSection
EndProject
Project("{8BC9CEB8-8B4A-11D0-8D11-00A0C91BC942}") = "usps_test", "usps_test.vcproj", "{8D3CF892-BDEF-49D6-B96C-A35A7C002726}"
	ProjectSection(ProjectDependencies) = postProject
		{A85F02F4-E2CE-4A92-8071-EE637A6A0A7B} = {A85F02F4-E2CE-4A92-8071-EE637A6A0A7B}
		{B3A747CD-3767-4461-8A61-46D231070DF9} = {B3A747CD-3767-4461-8A61-46D231070DF9}
	EndProjectSection
EndProject
Project("{8BC9CEB8-8B4A-11D0-8D11-00A0C91BC942}") = "waitevent", "waitevent.vcproj", "{2EA5294D-6079-4DAE-B0E3-BD5BB6EE8D0C}"
	ProjectSection(ProjectDependencies) = postProject
		{A85F02F4-E2CE-4A92-8071-EE637A6A0A7B} = {A85F02F4-E2CE-4A92-8071-EE637A6A0A7B}
		{B3A747CD-3767-4461-8A61-46D231070DF9} = {B3A747CD-3767-4461-8A61-46D231070DF9}
	EndProjectSection
EndProject
Project("{8BC9CEB8-8B4A-11D0-8D11-00A0C91BC942}") = "watchstat", "watchstat.vcproj", "{6A654028-E626-43BF-8A87-F950D7397211}"
	ProjectSection(ProjectDependencies) = postProject
		{A85F02F4-E2CE-4A92-8071-EE637A6A0A7B} = {A85F02F4-E2CE-4A92-8071-EE637A6A0A7B}
		{B3A747CD-3767-4461-8A61-46D231070DF9} = {B3A747CD-3767-4461-8A61-46D231070DF9}
	EndProjectSection
EndProject
Project("{8BC9CEB8-8B4A-11D0-8D11-00A0C91BC942}") = "xtest", "xtest.vcproj", "{CC054A7B-977D-428D-8356-B44B9C9B4886}"
	ProjectSection(ProjectDependencies) = postProject
		{A85F02F4-E2CE-4A92-8071-EE637A6A0A7B} = {A85F02F4-E2CE-4A92-8071-EE637A6A0A7B}
		{B3A747CD-3767-4461-8A61-46D231070DF9} = {B3A747CD-3767-4461-8A61-46D231070DF9}
	EndProjectSection
EndProject
Project("{8BC9CEB8-8B4A-11D0-8D11-00A0C91BC942}") = "timing_test", "timing_test.vcproj", "{3C99736D-97DF-4BF1-A22B-7050230303A6}"
	ProjectSection(ProjectDependencies) = postProject
		{A85F02F4-E2CE-4A92-8071-EE637A6A0A7B} = {A85F02F4-E2CE-4A92-8071-EE637A6A0A7B}
		{B3A747CD-3767-4461-8A61-46D231070DF9} = {B3A747CD-3767-4461-8A61-46D231070DF9}
	EndProjectSection
EndProject
Project("{8BC9CEB8-8B4A-11D0-8D11-00A0C91BC942}") = "msp430_load", "msp430_load.vcproj", "{7C25834A-577E-4F10-97B9-BAEEEFD30388}"
	ProjectSection(ProjectDependencies) = postProject
		{A85F02F4-E2CE-4A92-8071-EE637A6A0A7B} = {A85F02F4-E2CE-4A92-8071-EE637A6A0A7B}
		{B3A747CD-3767-4461-8A61-46D231070DF9} = {B3A747CD-3767-4461-8A61-46D231070DF9}
	EndProjectSection
EndProject
Project("{8BC9CEB8-8B4A-11D0-8D11-00A0C91BC942}") = "clink_counters", "clink_counters.vcproj", "{94409D12-F34F-4A93-825B-4191EA1FBCCB}"
	ProjectSection(ProjectDependencies) = postProject
		{A85F02F4-E2CE-4A92-8071-EE637A6A0A7B} = {A85F02F4-E2CE-4A92-8071-EE637A6A0A7B}
		{B3A747CD-3767-4461-8A61-46D231070DF9} = {B3A747CD-3767-4461-8A61-46D231070DF9}
	EndProjectSection
EndProject
Project("{8BC9CEB8-8B4A-11D0-8D11-00A0C91BC942}") = "pdvrecord", "pdvrecord.vcproj", "{2CFDAD5F-167E-4540-92DD-9312596E0C5B}"
	ProjectSection(ProjectDependencies) = postProject
		{A85F02F4-E2CE-4A92-8071-EE637A6A0A7B} = {A85F02F4-E2CE-4A92-8071-EE637A6A0A7B}
		{B3A747CD-3767-4461-8A61-46D231070DF9} = {B3A747CD-3767-4461-8A61-46D231070DF9}
	EndProjectSection
EndProject
Project("{8BC9CEB8-8B4A-11D0-8D11-00A0C91BC942}") = "bigread", "bigread.vcxproj", "{8B968157-83A9-493E-AABE-5E59CD03BC39}"
EndProject
Project("{8BC9CEB8-8B4A-11D0-8D11-00A0C91BC942}") = "clsimvar", "clsimvar.vcproj", "{3974A047-E48D-4F0F-BD97-59267AEE2F8B}"
	ProjectSection(ProjectDependencies) = postProject
		{A85F02F4-E2CE-4A92-8071-EE637A6A0A7B} = {A85F02F4-E2CE-4A92-8071-EE637A6A0A7B}
		{B3A747CD-3767-4461-8A61-46D231070DF9} = {B3A747CD-3767-4461-8A61-46D231070DF9}
	EndProjectSection
EndProject
Project("{8BC9CEB8-8B4A-11D0-8D11-00A0C91BC942}") = "pdvterm", "pdvterm.vcproj", "{CDC7C74C-3780-49D3-924F-997E254AF032}"
	ProjectSection(ProjectDependencies) = postProject
		{A85F02F4-E2CE-4A92-8071-EE637A6A0A7B} = {A85F02F4-E2CE-4A92-8071-EE637A6A0A7B}
		{B3A747CD-3767-4461-8A61-46D231070DF9} = {B3A747CD-3767-4461-8A61-46D231070DF9}
	EndProjectSection
EndProject
Project("{8BC9CEB8-8B4A-11D0-8D11-00A0C91BC942}") = "sample", "sample.vcproj", "{34B1EAB9-2758-46DA-8866-15F8D320E6A8}"
	ProjectSection(ProjectDependencies) = postProject
		{A85F02F4-E2CE-4A92-8071-EE637A6A0A7B} = {A85F02F4-E2CE-4A92-8071-EE637A6A0A7B}
		{B3A747CD-3767-4461-8A61-46D231070DF9} = {B3A747CD-3767-4461-8A61-46D231070DF9}
	EndProjectSection
EndProject
Project("{8BC9CEB8-8B4A-11D0-8D11-00A0C91BC942}") = "set_si5338", "set_si5338.vcproj", "{E9CD3176-ED12-4DE9-8227-60DF66F5D0AD}"
	ProjectSection(ProjectDependencies) = postProject
		{A85F02F4-E2CE-4A92-8071-EE637A6A0A7B} = {A85F02F4-E2CE-4A92-8071-EE637A6A0A7B}
		{B3A747CD-3767-4461-8A61-46D231070DF9} = {B3A747CD-3767-4461-8A61-46D231070DF9}
	EndProjectSection
EndProject
Project("{8BC9CEB8-8B4A-11D0-8D11-00A0C91BC942}") = "pdvlib", "pdvlib.vcproj", "{A85F02F4-E2CE-4A92-8071-EE637A6A0A7B}"
EndProject
Project("{8BC9CEB8-8B4A-11D0-8D11-00A0C91BC942}") = "libtiff", "libtiff.vcproj", "{B3A747CD-3767-4461-8A61-46D231070DF9}"
EndProject
Global
	GlobalSection(SolutionConfigurationPlatforms) = preSolution
		Debug|Win32 = Debug|Win32
		Debug|x64 = Debug|x64
		Release|Win32 = Release|Win32
		Release|x64 = Release|x64
	EndGlobalSection
	GlobalSection(ProjectConfigurationPlatforms) = postSolution
		{A27A8BF7-E1C3-40B4-A683-2AC6C8722C8D}.Debug|Win32.ActiveCfg = Debug|Win32
		{A27A8BF7-E1C3-40B4-A683-2AC6C8722C8D}.Debug|Win32.Build.0 = Debug|Win32
		{A27A8BF7-E1C3-40B4-A683-2AC6C8722C8D}.Debug|x64.ActiveCfg = Debug|x64
		{A27A8BF7-E1C3-40B4-A683-2AC6C8722C8D}.Debug|x64.Build.0 = Debug|x64
		{A27A8BF7-E1C3-40B4-A683-2AC6C8722C8D}.Release|Win32.ActiveCfg = Release|Win32
		{A27A8BF7-E1C3-40B4-A683-2AC6C8722C8D}.Release|Win32.Build.0 = Release|Win32
		{A27A8BF7-E1C3-40B4-A683-2AC6C8722C8D}.Release|x64.ActiveCfg = Release|x64
		{A27A8BF7-E1C3-40B4-A683-2AC6C8722C8D}.Release|x64.Build.0 = Release|x64
		{7805B0C3-5EF7-4BEE-A22A-16EA1457AEF5}.Debug|Win32.ActiveCfg = Debug|Win32
		{7805B0C3-5EF7-4BEE-A22A-16EA1457AEF5}.Debug|Win32.Build.0 = Debug|Win32
		{7805B0C3-5EF7-4BEE-A22A-16EA1457AEF5}.Debug|x64.ActiveCfg = Debug|x64
		{7805B0C3-5EF7-4BEE-A22A-16EA1457AEF5}.Debug|x64.Build.0 = Debug|x64
		{7805B0C3-5EF7-4BEE-A22A-16EA1457AEF5}.Release|Win32.ActiveCfg = Release|Win32
		{7805B0C3-5EF7-4BEE-A22A-16EA1457AEF5}.Release|Win32.Build.0 = Release|Win32
		{7805B0C3-5EF7-4BEE-A22A-16EA1457AEF5}.Release|x64.ActiveCfg = Release|x64
		{7805B0C3-5EF7-4BEE-A22A-16EA1457AEF5}.Release|x64.Build.0 = Release|x64
		{A04AC286-78CF-4EDD-8506-9662522AA839}.Debug|Win32.ActiveCfg = Debug|Win32
		{A04AC286-78CF-4EDD-8506-9662522AA839}.Debug|Win32.Build.0 = Debug|Win32
		{A04AC286-78CF-4EDD-8506-9662522AA839}.Debug|x64.ActiveCfg = Debug|x64
		{A04AC286-78CF-4EDD-8506-9662522AA839}.Debug|x64.Build.0 = Debug|x64
		{A04AC286-78CF-4EDD-8506-9662522AA839}.Release|Win32.ActiveCfg = Release|Win32
		{A04AC286-78CF-4EDD-8506-9662522AA839}.Release|Win32.Build.0 = Release|Win32
		{A04AC286-78CF-4EDD-8506-9662522AA839}.Release|x64.ActiveCfg = Release|x64
		{A04AC286-78CF-4EDD-8506-9662522AA839}.Release|x64.Build.0 = Release|x64
		{F4A0DE06-65C7-4D7E-8048-88DDB81D3779}.Debug|Win32.ActiveCfg = Debug|Win32
		{F4A0DE06-65C7-4D7E-8048-88DDB81D3779}.Debug|Win32.Build.0 = Debug|Win32
		{F4A0DE06-65C7-4D7E-8048-88DDB81D3779}.Debug|x64.ActiveCfg = Debug|x64
		{F4A0DE06-65C7-4D7E-8048-88DDB81D3779}.Debug|x64.Build.0 = Debug|x64
		{F4A0DE06-65C7-4D7E-8048-88DDB81D3779}.Release|Win32.ActiveCfg = Release|Win32
		{F4A0DE06-65C7-4D7E-8048-88DDB81D3779}.Release|Win32.Build.0 = Release|Win32
		{F4A0DE06-65C7-4D7E-8048-88DDB81D3779}.Release|x64.ActiveCfg = Release|x64
		{F4A0DE06-65C7-4D7E-8048-88DDB81D3779}.Release|x64.Build.0 = Release|x64
		{1A842F1D-9531-43BD-B2E1-574BD26B04BA}.Debug|Win32.ActiveCfg = Debug|Win32
		{1A842F1D-9531-43BD-B2E1-574BD26B04BA}.Debug|Win32.Build.0 = Debug|Win32
		{1A842F1D-9531-43BD-B2E1-574BD26B04BA}.Debug|x64.ActiveCfg = Debug|x64
		{1A842F1D-9531-43BD-B2E1-574BD26B04BA}.Debug|x64.Build.0 = Debug|x64
		{1A842F1D-9531-43BD-B2E1-574BD26B04BA}.Release|Win32.ActiveCfg = Release|Win32
		{1A842F1D-9531-43BD-B2E1-574BD26B04BA}.Release|Win32.Build.0 = Release|Win32
		{1A842F1D-9531-43BD-B2E1-574BD26B04BA}.Release|x64.ActiveCfg = Release|x64
		{1A842F1D-9531-43BD-B2E1-574BD26B04BA}.Release|x64.Build.0 = Release|x64
		{D9DB4B2D-2A0F-4D20-8316-DA4837D7F78D}.Debug|Win32.ActiveCfg = Debug|Win32
		{D9DB4B2D-2A0F-4D20-8316-DA4837D7F78D}.Debug|Win32.Build.0 = Debug|Win32
		{D9DB4B2D-2A0F-4D20-8316-DA4837D7F78D}.Debug|x64.ActiveCfg = Debug|x64
		{D9DB4B2D-2A0F-4D20-8316-DA4837D7F78D}.Debug|x64.Build.0 = Debug|x64
		{D9DB4B2D-2A0F-4D20-8316-DA4837D7F78D}.Release|Win32.ActiveCfg = Release|Win32
		{D9DB4B2D-2A0F-4D20-8316-DA4837D7F78D}.Release|Win32.Build.0 = Release|Win32
		{D9DB4B2D-2A0F-4D20-8316-DA4837D7F78D}.Release|x64.ActiveCfg = Release|x64
		{D9DB4B2D-2A0F-4D20-8316-DA4837D7F78D}.Release|x64.Build.0 = Release|x64
		{C81F7123-E912-4ABE-8BD6-7A7435A91EA9}.Debug|Win32.ActiveCfg = Debug|Win32
		{C81F7123-E912-4ABE-8BD6-7A7435A91EA9}.Debug|Win32.Build.0 = Debug|Win32
		{C81F7123-E912-4ABE-8BD6-7A7435A91EA9}.Debug|x64.ActiveCfg = Debug|x64
		{C81F7123-E912-4ABE-8BD6-7A7435A91EA9}.Debug|x64.Build.0 = Debug|x64
		{C81F7123-E912-4ABE-8BD6-7A7435A91EA9}.Release|Win32.ActiveCfg = Release|Win32
		{C81F7123-E912-4ABE-8BD6-7A7435A91EA9}.Release|Win32.Build.0 = Release|Win32
		{C81F7123-E912-4ABE-8BD6-7A7435A91EA9}.Release|x64.ActiveCfg = Release|x64
		{C81F7123-E912-4ABE-8BD6-7A7435A91EA9}.Release|x64.Build.0 = Release|x64
		{1DB78D09-6E40-4D58-BE87-07C0117C0C88}.Debug|Win32.ActiveCfg = Debug|Win32
		{1DB78D09-6E40-4D58-BE87-07C0117C0C88}.Debug|Win32.Build.0 = Debug|Win32
		{1DB78D09-6E40-4D58-BE87-07C0117C0C88}.Debug|x64.ActiveCfg = Debug|x64
		{1DB78D09-6E40-4D58-BE87-07C0117C0C88}.Debug|x64.Build.0 = Debug|x64
		{1DB78D09-6E40-4D58-BE87-07C0117C0C88}.Release|Win32.ActiveCfg = Release|Win32
		{1DB78D09-6E40-4D58-BE87-07C0117C0C88}.Release|Win32.Build.0 = Release|Win32
		{1DB78D09-6E40-4D58-BE87-07C0117C0C88}.Release|x64.ActiveCfg = Release|x64
		{1DB78D09-6E40-4D58-BE87-07C0117C0C88}.Release|x64.Build.0 = Release|x64
		{D02C9D43-839A-4123-860D-91DD4683DCCB}.Debug|Win32.ActiveCfg = Debug|Win32
		{D02C9D43-839A-4123-860D-91DD4683DCCB}.Debug|Win32.Build.0 = Debug|Win32
		{D02C9D43-839A-4123-860D-91DD4683DCCB}.Debug|x64.ActiveCfg = Debug|x64
		{D02C9D43-839A-4123-860D-91DD4683DCCB}.Debug|x64.Build.0 = Debug|x64
		{D02C9D43-839A-4123-860D-91DD4683DCCB}.Release|Win32.ActiveCfg = Release|Win32
		{D02C9D43-839A-4123-860D-91DD4683DCCB}.Release|Win32.Build.0 = Release|Win32
		{D02C9D43-839A-4123-860D-91DD4683DCCB}.Release|x64.ActiveCfg = Release|x64
		{D02C9D43-839A-4123-860D-91DD4683DCCB}.Release|x64.Build.0 = Release|x64
		{9FB0263F-FF8C-4F29-A9DD-57A5756E46D8}.Debug|Win32.ActiveCfg = Debug|Win32
		{9FB0263F-FF8C-4F29-A9DD-57A5756E46D8}.Debug|Win32.Build.0 = Debug|Win32
		{9FB0263F-FF8C-4F29-A9DD-57A5756E46D8}.Debug|x64.ActiveCfg = Debug|x64
		{9FB0263F-FF8C-4F29-A9DD-57A5756E46D8}.Debug|x64.Build.0 = Debug|x64
		{9FB0263F-FF8C-4F29-A9DD-57A5756E46D8}.Release|Win32.ActiveCfg = Release|Win32
		{9FB0263F-FF8C-4F29-A9DD-57A5756E46D8}.Release|Win32.Build.0 = Release|Win32
		{9FB0263F-FF8C-4F29-A9DD-57A5756E46D8}.Release|x64.ActiveCfg = Release|x64
		{9FB0263F-FF8C-4F29-A9DD-57A5756E46D8}.Release|x64.Build.0 = Release|x64
		{7C6DA18E-B487-424B-9F1D-CEF6DAB0CD7D}.Debug|Win32.ActiveCfg = Debug|Win32
		{7C6DA18E-B487-424B-9F1D-CEF6DAB0CD7D}.Debug|Win32.Build.0 = Debug|Win32
		{7C6DA18E-B487-424B-9F1D-CEF6DAB0CD7D}.Debug|x64.ActiveCfg = Debug|x64
		{7C6DA18E-B487-424B-9F1D-CEF6DAB0CD7D}.Debug|x64.Build.0 = Debug|x64
		{7C6DA18E-B487-424B-9F1D-CEF6DAB0CD7D}.Release|Win32.ActiveCfg = Release|Win32
		{7C6DA18E-B487-424B-9F1D-CEF6DAB0CD7D}.Release|Win32.Build.0 = Release|Win32
		{7C6DA18E-B487-424B-9F1D-CEF6DAB0CD7D}.Release|x64.ActiveCfg = Release|x64
		{7C6DA18E-B487-424B-9F1D-CEF6DAB0CD7D}.Release|x64.Build.0 = Release|x64
		{918F6334-ED92-4F58-8679-7A695D88F187}.Debug|Win32.ActiveCfg = Debug|Win32
		{918F6334-ED92-4F58-8679-7A695D88F187}.Debug|Win32.Build.0 = Debug|Win32
		{918F6334-ED92-4F58-8679-7A695D88F187}.Debug|x64.ActiveCfg = Debug|x64
		{918F6334-ED92-4F58-8679-7A695D88F187}.Debug|x64.Build.0 = Debug|x64
		{918F6334-ED92-4F58-8679-7A695D88F187}.Release|Win32.ActiveCfg = Release|Win32
		{918F6334-ED92-4F58-8679-7A695D88F187}.Release|Win32.Build.0 = Release|Win32
		{918F6334-ED92-4F58-8679-7A695D88F187}.Release|x64.ActiveCfg = Release|x64
		{918F6334-ED92-4F58-8679-7A695D88F187}.Release|x64.Build.0 = Release|x64
		{CBE21470-3584-4852-A302-6DC6129D2340}.Debug|Win32.ActiveCfg = Debug|Win32
		{CBE21470-3584-4852-A302-6DC6129D2340}.Debug|Win32.Build.0 = Debug|Win32
		{CBE21470-3584-4852-A302-6DC6129D2340}.Debug|x64.ActiveCfg = Debug|x64
		{CBE21470-3584-4852-A302-6DC6129D2340}.Debug|x64.Build.0 = Debug|x64
		{CBE21470-3584-4852-A302-6DC6129D2340}.Release|Win32.ActiveCfg = Release|Win32
		{CBE21470-3584-4852-A302-6DC6129D2340}.Release|Win32.Build.0 = Release|Win32
		{CBE21470-3584-4852-A302-6DC6129D2340}.Release|x64.ActiveCfg = Release|x64
		{CBE21470-3584-4852-A302-6DC6129D2340}.Release|x64.Build.0 = Release|x64
		{208F584E-7DA5-4EA0-BDE2-755D953B21AB}.Debug|Win32.ActiveCfg = Debug|Win32
		{208F584E-7DA5-4EA0-BDE2-755D953B21AB}.Debug|Win32.Build.0 = Debug|Win32
		{208F584E-7DA5-4EA0-BDE2-755D953B21AB}.Debug|x64.ActiveCfg = Debug|x64
		{208F584E-7DA5-4EA0-BDE2-755D953B21AB}.Debug|x64.Build.0 = Debug|x64
		{208F584E-7DA5-4EA0-BDE2-755D953B21AB}.Release|Win32.ActiveCfg = Release|Win32
		{208F584E-7DA5-4EA0-BDE2-755D953B21AB}.Release|Win32.Build.0 = Release|Win32
		{208F584E-7DA5-4EA0-BDE2-755D953B21AB}.Release|x64.ActiveCfg = Release|x64
		{208F584E-7DA5-4EA0-BDE2-755D953B21AB}.Release|x64.Build.0 = Release|x64
		{0A1E1DC4-51FF-4441-9BDF-E40A7608BE8F}.Debug|Win32.ActiveCfg = Debug|Win32
		{0A1E1DC4-51FF-4441-9BDF-E40A7608BE8F}.Debug|Win32.Build.0 = Debug|Win32
		{0A1E1DC4-51FF-4441-9BDF-E40A7608BE8F}.Debug|x64.ActiveCfg = Debug|x64
		{0A1E1DC4-51FF-4441-9BDF-E40A7608BE8F}.Debug|x64.Build.0 = Debug|x64
		{0A1E1DC4-51FF-4441-9BDF-E40A7608BE8F}.Release|Win32.ActiveCfg = Release|Win32
		{0A1E1DC4-51FF-4441-9BDF-E40A7608BE8F}.Release|Win32.Build.0 = Release|Win32
		{0A1E1DC4-51FF-4441-9BDF-E40A7608BE8F}.Release|x64.ActiveCfg = Release|x64
		{0A1E1DC4-51FF-4441-9BDF-E40A7608BE8F}.Release|x64.Build.0 = Release|x64
		{1A407F91-9B4D-4110-AB0C-EA153ED460B9}.Debug|Win32.ActiveCfg = Debug|Win32
		{1A407F91-9B4D-4110-AB0C-EA153ED460B9}.Debug|Win32.Build.0 = Debug|Win32
		{1A407F91-9B4D-4110-AB0C-EA153ED460B9}.Debug|x64.ActiveCfg = Debug|x64
		{1A407F91-9B4D-4110-AB0C-EA153ED460B9}.Debug|x64.Build.0 = Debug|x64
		{1A407F91-9B4D-4110-AB0C-EA153ED460B9}.Release|Win32.ActiveCfg = Release|Win32
		{1A407F91-9B4D-4110-AB0C-EA153ED460B9}.Release|Win32.Build.0 = Release|Win32
		{1A407F91-9B4D-4110-AB0C-EA153ED460B9}.Release|x64.ActiveCfg = Release|x64
		{1A407F91-9B4D-4110-AB0C-EA153ED460B9}.Release|x64.Build.0 = Release|x64
		{2099A4C5-4FB1-466B-A2B2-26F79D2ED0A5}.Debug|Win32.ActiveCfg = Debug|Win32
		{2099A4C5-4FB1-466B-A2B2-26F79D2ED0A5}.Debug|Win32.Build.0 = Debug|Win32
		{2099A4C5-4FB1-466B-A2B2-26F79D2ED0A5}.Debug|x64.ActiveCfg = Debug|x64
		{2099A4C5-4FB1-466B-A2B2-26F79D2ED0A5}.Debug|x64.Build.0 = Debug|x64
		{2099A4C5-4FB1-466B-A2B2-26F79D2ED0A5}.Release|Win32.ActiveCfg = Release|Win32
		{2099A4C5-4FB1-466B-A2B2-26F79D2ED0A5}.Release|Win32.Build.0 = Release|Win32
		{2099A4C5-4FB1-466B-A2B2-26F79D2ED0A5}.Release|x64.ActiveCfg = Release|x64
		{2099A4C5-4FB1-466B-A2B2-26F79D2ED0A5}.Release|x64.Build.0 = Release|x64
		{4308A667-4AB2-468D-A8CD-595FE66D71A5}.Debug|Win32.ActiveCfg = Debug|Win32
		{4308A667-4AB2-468D-A8CD-595FE66D71A5}.Debug|Win32.Build.0 = Debug|Win32
		{4308A667-4AB2-468D-A8CD-595FE66D71A5}.Debug|x64.ActiveCfg = Debug|x64
		{4308A667-4AB2-468D-A8CD-595FE66D71A5}.Debug|x64.Build.0 = Debug|x64
		{4308A667-4AB2-468D-A8CD-595FE66D71A5}.Release|Win32.ActiveCfg = Release|Win32
		{4308A667-4AB2-468D-A8CD-595FE66D71A5}.Release|Win32.Build.0 = Release|Win32
		{4308A667-4AB2-468D-A8CD-595FE66D71A5}.Release|x64.ActiveCfg = Release|x64
		{4308A667-4AB2-468D-A8CD-595FE66D71A5}.Release|x64.Build.0 = Release|x64
		{6B0667D0-646C-4904-A98C-01FF54A3FFC0}.Debug|Win32.ActiveCfg = Debug|Win32
		{6B0667D0-646C-4904-A98C-01FF54A3FFC0}.Debug|Win32.Build.0 = Debug|Win32
		{6B0667D0-646C-4904-A98C-01FF54A3FFC0}.Debug|x64.ActiveCfg = Debug|x64
		{6B0667D0-646C-4904-A98C-01FF54A3FFC0}.Debug|x64.Build.0 = Debug|x64
		{6B0667D0-646C-4904-A98C-01FF54A3FFC0}.Release|Win32.ActiveCfg = Release|Win32
		{6B0667D0-646C-4904-A98C-01FF54A3FFC0}.Release|Win32.Build.0 = Release|Win32
		{6B0667D0-646C-4904-A98C-01FF54A3FFC0}.Release|x64.ActiveCfg = Release|x64
		{6B0667D0-646C-4904-A98C-01FF54A3FFC0}.Release|x64.Build.0 = Release|x64
		{624C8E12-0C79-4F7F-AF8A-D86DB0F373F5}.Debug|Win32.ActiveCfg = Debug|Win32
		{624C8E12-0C79-4F7F-AF8A-D86DB0F373F5}.Debug|Win32.Build.0 = Debug|Win32
		{624C8E12-0C79-4F7F-AF8A-D86DB0F373F5}.Debug|x64.ActiveCfg = Debug|x64
		{624C8E12-0C79-4F7F-AF8A-D86DB0F373F5}.Debug|x64.Build.0 = Debug|x64
		{624C8E12-0C79-4F7F-AF8A-D86DB0F373F5}.Release|Win32.ActiveCfg = Release|Win32
		{624C8E12-0C79-4F7F-AF8A-D86DB0F373F5}.Release|Win32.Build.0 = Release|Win32
		{624C8E12-0C79-4F7F-AF8A-D86DB0F373F5}.Release|x64.ActiveCfg = Release|x64
		{624C8E12-0C79-4F7F-AF8A-D86DB0F373F5}.Release|x64.Build.0 = Release|x64
		{C28C0699-667B-431B-8B6A-6B3AA1543F07}.Debug|Win32.ActiveCfg = Debug|Win32
		{C28C0699-667B-431B-8B6A-6B3AA1543F07}.Debug|Win32.Build.0 = Debug|Win32
		{C28C0699-667B-431B-8B6A-6B3AA1543F07}.Debug|x64.ActiveCfg = Debug|x64
		{C28C0699-667B-431B-8B6A-6B3AA1543F07}.Debug|x64.Build.0 = Debug|x64
		{C28C0699-667B-431B-8B6A-6B3AA1543F07}.Release|Win32.ActiveCfg = Release|Win32
		{C28C0699-667B-431B-8B6A-6B3AA1543F07}.Release|Win32.Build.0 = Release|Win32
		{C28C0699-667B-431B-8B6A-6B3AA1543F07}.Release|x64.ActiveCfg = Release|x64
		{C28C0699-667B-431B-8B6A-6B3AA1543F07}.Release|x64.Build.0 = Release|x64
		{D3B3867B-2A4A-449F-8693-7E6DFE94DE70}.Debug|Win32.ActiveCfg = Debug|Win32
		{D3B3867B-2A4A-449F-8693-7E6DFE94DE70}.Debug|Win32.Build.0 = Debug|Win32
		{D3B3867B-2A4A-449F-8693-7E6DFE94DE70}.Debug|x64.ActiveCfg = Debug|x64
		{D3B3867B-2A4A-449F-8693-7E6DFE94DE70}.Debug|x64.Build.0 = Debug|x64
		{D3B3867B-2A4A-449F-8693-7E6DFE94DE70}.Release|Win32.ActiveCfg = Release|Win32
		{D3B3867B-2A4A-449F-8693-7E6DFE94DE70}.Release|Win32.Build.0 = Release|Win32
		{D3B3867B-2A4A-449F-8693-7E6DFE94DE70}.Release|x64.ActiveCfg = Release|x64
		{D3B3867B-2A4A-449F-8693-7E6DFE94DE70}.Release|x64.Build.0 = Release|x64
		{23DF9D9A-9B82-45AD-8254-5FBA197BA40D}.Debug|Win32.ActiveCfg = Debug|Win32
		{23DF9D9A-9B82-45AD-8254-5FBA197BA40D}.Debug|Win32.Build.0 = Debug|Win32
		{23DF9D9A-9B82-45AD-8254-5FBA197BA40D}.Debug|x64.ActiveCfg = Debug|x64
		{23DF9D9A-9B82-45AD-8254-5FBA197BA40D}.Debug|x64.Build.0 = Debug|x64
		{23DF9D9A-9B82-45AD-8254-5FBA197BA40D}.Release|Win32.ActiveCfg = Release|Win32
		{23DF9D9A-9B82-45AD-8254-5FBA197BA40D}.Release|Win32.Build.0 = Release|Win32
		{23DF9D9A-9B82-45AD-8254-5FBA197BA40D}.Release|x64.ActiveCfg = Release|x64
		{23DF9D9A-9B82-45AD-8254-5FBA197BA40D}.Release|x64.Build.0 = Release|x64
		{B89ED3C9-A841-4D9F-A947-7A7E2DD339F7}.Debug|Win32.ActiveCfg = Debug|Win32
		{B89ED3C9-A841-4D9F-A947-7A7E2DD339F7}.Debug|Win32.Build.0 = Debug|Win32
		{B89ED3C9-A841-4D9F-A947-7A7E2DD339F7}.Debug|x64.ActiveCfg = Debug|x64
		{B89ED3C9-A841-4D9F-A947-7A7E2DD339F7}.Debug|x64.Build.0 = Debug|x64
		{B89ED3C9-A841-4D9F-A947-7A7E2DD339F7}.Release|Win32.ActiveCfg = Release|Win32
		{B89ED3C9-A841-4D9F-A947-7A7E2DD339F7}.Release|Win32.Build.0 = Release|Win32
		{B89ED3C9-A841-4D9F-A947-7A7E2DD339F7}.Release|x64.ActiveCfg = Release|x64
		{B89ED3C9-A841-4D9F-A947-7A7E2DD339F7}.Release|x64.Build.0 = Release|x64
		{F31B7F0C-8D36-4CF6-A72D-4299A9CAE7CD}.Debug|Win32.ActiveCfg = Debug|Win32
		{F31B7F0C-8D36-4CF6-A72D-4299A9CAE7CD}.Debug|Win32.Build.0 = Debug|Win32
		{F31B7F0C-8D36-4CF6-A72D-4299A9CAE7CD}.Debug|x64.ActiveCfg = Debug|x64
		{F31B7F0C-8D36-4CF6-A72D-4299A9CAE7CD}.Debug|x64.Build.0 = Debug|x64
		{F31B7F0C-8D36-4CF6-A72D-4299A9CAE7CD}.Release|Win32.ActiveCfg = Release|Win32
		{F31B7F0C-8D36-4CF6-A72D-4299A9CAE7CD}.Release|Win32.Build.0 = Release|Win32
		{F31B7F0C-8D36-4CF6-A72D-4299A9CAE7CD}.Release|x64.ActiveCfg = Release|x64
		{F31B7F0C-8D36-4CF6-A72D-4299A9CAE7CD}.Release|x64.Build.0 = Release|x64
		{545C5198-7BC5-4ADD-BFE4-8EEA906454F9}.Debug|Win32.ActiveCfg = Debug|Win32
		{545C5198-7BC5-4ADD-BFE4-8EEA906454F9}.Debug|Win32.Build.0 = Debug|Win32
		{545C5198-7BC5-4ADD-BFE4-8EEA906454F9}.Debug|x64.ActiveCfg = Debug|x64
		{545C5198-7BC5-4ADD-BFE4-8EEA906454F9}.Debug|x64.Build.0 = Debug|x64
		{545C5198-7BC5-4ADD-BFE4-8EEA906454F9}.Release|Win32.ActiveCfg = Release|Win32
		{545C5198-7BC5-4ADD-BFE4-8EEA906454F9}.Release|Win32.Build.0 = Release|Win32
		{545C5198-7BC5-4ADD-BFE4-8EEA906454F9}.Release|x64.ActiveCfg = Release|x64
		{545C5198-7BC5-4ADD-BFE4-8EEA906454F9}.Release|x64.Build.0 = Release|x64
		{21372477-716B-420F-BE92-EEA73A45A79B}.Debug|Win32.ActiveCfg = Debug|Win32
		{21372477-716B-420F-BE92-EEA73A45A79B}.Debug|Win32.Build.0 = Debug|Win32
		{21372477-716B-420F-BE92-EEA73A45A79B}.Debug|x64.ActiveCfg = Debug|x64
		{21372477-716B-420F-BE92-EEA73A45A79B}.Debug|x64.Build.0 = Debug|x64
		{21372477-716B-420F-BE92-EEA73A45A79B}.Release|Win32.ActiveCfg = Release|Win32
		{21372477-716B-420F-BE92-EEA73A45A79B}.Release|Win32.Build.0 = Release|Win32
		{21372477-716B-420F-BE92-EEA73A45A79B}.Release|x64.ActiveCfg = Release|x64
		{21372477-716B-420F-BE92-EEA73A45A79B}.Release|x64.Build.0 = Release|x64
		{D2975976-071F-4662-85E2-E5D796236F21}.Debug|Win32.ActiveCfg = Debug|Win32
		{D2975976-071F-4662-85E2-E5D796236F21}.Debug|Win32.Build.0 = Debug|Win32
		{D2975976-071F-4662-85E2-E5D796236F21}.Debug|x64.ActiveCfg = Debug|x64
		{D2975976-071F-4662-85E2-E5D796236F21}.Debug|x64.Build.0 = Debug|x64
		{D2975976-071F-4662-85E2-E5D796236F21}.Release|Win32.ActiveCfg = Release|Win32
		{D2975976-071F-4662-85E2-E5D796236F21}.Release|Win32.Build.0 = Release|Win32
		{D2975976-071F-4662-85E2-E5D796236F21}.Release|x64.ActiveCfg = Release|x64
		{D2975976-071F-4662-85E2-E5D796236F21}.Release|x64.Build.0 = Release|x64
		{78AFCEF1-ED91-45B1-BE32-4FB171D6051C}.Debug|Win32.ActiveCfg = Debug|Win32
		{78AFCEF1-ED91-45B1-BE32-4FB171D6051C}.Debug|Win32.Build.0 = Debug|Win32
		{78AFCEF1-ED91-45B1-BE32-4FB171D6051C}.Debug|x64.ActiveCfg = Debug|x64
		{78AFCEF1-ED91-45B1-BE32-4FB171D6051C}.Debug|x64.Build.0 = Debug|x64
		{78AFCEF1-ED91-45B1-BE32-4FB171D6051C}.Release|Win32.ActiveCfg = Release|Win32
		{78AFCEF1-ED91-45B1-BE32-4FB171D6051C}.Release|Win32.Build.0 = Release|Win32
		{78AFCEF1-ED91-45B1-BE32-4FB171D6051C}.Release|x64.ActiveCfg = Release|x64
		{78AFCEF1-ED91-45B1-BE32-4FB171D6051C}.Release|x64.Build.0 = Release|x64
		{CD492CF4-DBD6-4789-8947-D37399B6709E}.Debug|Win32.ActiveCfg = Debug|Win32
		{CD492CF4-DBD6-4789-8947-D37399B6709E}.Debug|Win32.Build.0 = Debug|Win32
		{CD492CF4-DBD6-4789-8947-D37399B6709E}.Debug|x64.ActiveCfg = Debug|x64
		{CD492CF4-DBD6-4789-8947-D37399B6709E}.Debug|x64.Build.0 = Debug|x64
		{CD492CF4-DBD6-4789-8947-D37399B6709E}.Release|Win32.ActiveCfg = Release|Win32
		{CD492CF4-DBD6-4789-8947-D37399B6709E}.Release|Win32.Build.0 = Release|Win32
		{CD492CF4-DBD6-4789-8947-D37399B6709E}.Release|x64.ActiveCfg = Release|x64
		{CD492CF4-DBD6-4789-8947-D37399B6709E}.Release|x64.Build.0 = Release|x64
		{8B2B4776-10E2-4A6D-B7F0-E1FF9DFECE20}.Debug|Win32.ActiveCfg = Debug|Win32
		{8B2B4776-10E2-4A6D-B7F0-E1FF9DFECE20}.Debug|Win32.Build.0 = Debug|Win32
		{8B2B4776-10E2-4A6D-B7F0-E1FF9DFECE20}.Debug|x64.ActiveCfg = Debug|x64
		{8B2B4776-10E2-4A6D-B7F0-E1FF9DFECE20}.Debug|x64.Build.0 = Debug|x64
		{8B2B4776-10E2-4A6D-B7F0-E1FF9DFECE20}.Release|Win32.ActiveCfg = Release|Win32
		{8B2B4776-10E2-4A6D-B7F0-E1FF9DFECE20}.Release|Win32.Build.0 = Release|Win32
		{8B2B4776-10E2-4A6D-B7F0-E1FF9DFECE20}.Release|x64.ActiveCfg = Release|x64
		{8B2B4776-10E2-4A6D-B7F0-E1FF9DFECE20}.Release|x64.Build.0 = Release|x64
		{6D694C08-5644-4E30-8064-F3E5BB1005B4}.Debug|Win32.ActiveCfg = Debug|Win32
		{6D694C08-5644-4E30-8064-F3E5BB1005B4}.Debug|Win32.Build.0 = Debug|Win32
		{6D694C08-5644-4E30-8064-F3E5BB1005B4}.Debug|x64.ActiveCfg = Debug|x64
		{6D694C08-5644-4E30-8064-F3E5BB1005B4}.Debug|x64.Build.0 = Debug|x64
		{6D694C08-5644-4E30-8064-F3E5BB1005B4}.Release|Win32.ActiveCfg = Release|Win32
		{6D694C08-5644-4E30-8064-F3E5BB1005B4}.Release|Win32.Build.0 = Release|Win32
		{6D694C08-5644-4E30-8064-F3E5BB1005B4}.Release|x64.ActiveCfg = Release|x64
		{6D694C08-5644-4E30-8064-F3E5BB1005B4}.Release|x64.Build.0 = Release|x64
		{62C6D6F8-F1BB-4473-8BBD-29CEB77471F9}.Debug|Win32.ActiveCfg = Debug|Win32
		{62C6D6F8-F1BB-4473-8BBD-29CEB77471F9}.Debug|Win32.Build.0 = Debug|Win32
		{62C6D6F8-F1BB-4473-8BBD-29CEB77471F9}.Debug|x64.ActiveCfg = Debug|x64
		{62C6D6F8-F1BB-4473-8BBD-29CEB77471F9}.Debug|x64.Build.0 = Debug|x64
		{62C6D6F8-F1BB-4473-8BBD-29CEB77471F9}.Release|Win32.ActiveCfg = Release|Win32
		{62C6D6F8-F1BB-4473-8BBD-29CEB77471F9}.Release|Win32.Build.0 = Release|Win32
		{62C6D6F8-F1BB-4473-8BBD-29CEB77471F9}.Release|x64.ActiveCfg = Release|x64
		{62C6D6F8-F1BB-4473-8BBD-29CEB77471F9}.Release|x64.Build.0 = Release|x64
		{AB1C500E-A301-4439-82D8-44658CE6939B}.Debug|Win32.ActiveCfg = Debug|Win32
		{AB1C500E-A301-4439-82D8-44658CE6939B}.Debug|Win32.Build.0 = Debug|Win32
		{AB1C500E-A301-4439-82D8-44658CE6939B}.Debug|x64.ActiveCfg = Debug|x64
		{AB1C500E-A301-4439-82D8-44658CE6939B}.Debug|x64.Build.0 = Debug|x64
		{AB1C500E-A301-4439-82D8-44658CE6939B}.Release|Win32.ActiveCfg = Release|Win32
		{AB1C500E-A301-4439-82D8-44658CE6939B}.Release|Win32.Build.0 = Release|Win32
		{AB1C500E-A301-4439-82D8-44658CE6939B}.Release|x64.ActiveCfg = Release|x64
		{AB1C500E-A301-4439-82D8-44658CE6939B}.Release|x64.Build.0 = Release|x64
		{D69484D6-47EA-4F22-9CA9-FAC0576CC8E8}.Debug|Win32.ActiveCfg = Debug|Win32
		{D69484D6-47EA-4F22-9CA9-FAC0576CC8E8}.Debug|Win32.Build.0 = Debug|Win32
		{D69484D6-47EA-4F22-9CA9-FAC0576CC8E8}.Debug|x64.ActiveCfg = Debug|x64
		{D69484D6-47EA-4F22-9CA9-FAC0576CC8E8}.Debug|x64.Build.0 = Debug|x64
		{D69484D6-47EA-4F22-9CA9-FAC0576CC8E8}.Release|Win32.ActiveCfg = Release|Win32
		{D69484D6-47EA-4F22-9CA9-FAC0576CC8E8}.Release|Win32.Build.0 = Release|Win32
		{D69484D6-47EA-4F22-9CA9-FAC0576CC8E8}.Release|x64.ActiveCfg = Release|x64
		{D69484D6-47EA-4F22-9CA9-FAC0576CC8E8}.Release|x64.Build.0 = Release|x64
		{E2CF2DD4-EA8A-4A87-96FF-197DFC2BFF4C}.Debug|Win32.ActiveCfg = Debug|Win32
		{E2CF2DD4-EA8A-4A87-96FF-197DFC2BFF4C}.Debug|Win32.Build.0 = Debug|Win32
		{E2CF2DD4-EA8A-4A87-96FF-197DFC2BFF4C}.Debug|x64.ActiveCfg = Debug|x64
		{E2CF2DD4-EA8A-4A87-96FF-197DFC2BFF4C}.Debug|x64.Build.0 = Debug|x64
		{E2CF2DD4-EA8A-4A87-96FF-197DFC2BFF4C}.Release|Win32.ActiveCfg = Release|Win32
		{E2CF2DD4-EA8A-4A87-96FF-197DFC2BFF4C}.Release|Win32.Build.0 = Release|Win32
		{E2CF2DD4-EA8A-4A87-96FF-197DFC2BFF4C}.Release|x64.ActiveCfg = Release|x64
		{E2CF2DD4-EA8A-4A87-96FF-197DFC2BFF4C}.Release|x64.Build.0 = Release|x64
		{E2AB48DC-B829-4F83-AC2B-45B89C016FD6}.Debug|Win32.ActiveCfg = Debug|Win32
		{E2AB48DC-B829-4F83-AC2B-45B89C016FD6}.Debug|Win32.Build.0 = Debug|Win32
		{E2AB48DC-B829-4F83-AC2B-45B89C016FD6}.Debug|x64.ActiveCfg = Debug|x64
		{E2AB48DC-B829-4F83-AC2B-45B89C016FD6}.Debug|x64.Build.0 = Debug|x64
		{E2AB48DC-B829-4F83-AC2B-45B89C016FD6}.Release|Win32.ActiveCfg = Release|Win32
		{E2AB48DC-B829-4F83-AC2B-45B89C016FD6}.Release|Win32.Build.0 = Release|Win32
		{E2AB48DC-B829-4F83-AC2B-45B89C016FD6}.Release|x64.ActiveCfg = Release|x64
		{E2AB48DC-B829-4F83-AC2B-45B89C016FD6}.Release|x64.Build.0 = Release|x64
		{695B5CA2-0FD5-4C21-AE0E-0EC65BABD21F}.Debug|Win32.ActiveCfg = Debug|Win32
		{695B5CA2-0FD5-4C21-AE0E-0EC65BABD21F}.Debug|Win32.Build.0 = Debug|Win32
		{695B5CA2-0FD5-4C21-AE0E-0EC65BABD21F}.Debug|x64.ActiveCfg = Debug|x64
		{695B5CA2-0FD5-4C21-AE0E-0EC65BABD21F}.Debug|x64.Build.0 = Debug|x64
		{695B5CA2-0FD5-4C21-AE0E-0EC65BABD21F}.Release|Win32.ActiveCfg = Release|Win32
		{695B5CA2-0FD5-4C21-AE0E-0EC65BABD21F}.Release|Win32.Build.0 = Release|Win32
		{695B5CA2-0FD5-4C21-AE0E-0EC65BABD21F}.Release|x64.ActiveCfg = Release|x64
		{695B5CA2-0FD5-4C21-AE0E-0EC65BABD21F}.Release|x64.Build.0 = Release|x64
		{E200A6E0-FA99-4008-8C2E-7253B06D8AF8}.Debug|Win32.ActiveCfg = Debug|Win32
		{E200A6E0-FA99-4008-8C2E-7253B06D8AF8}.Debug|Win32.Build.0 = Debug|Win32
		{E200A6E0-FA99-4008-8C2E-7253B06D8AF8}.Debug|x64.ActiveCfg = Debug|x64
		{E200A6E0-FA99-4008-8C2E-7253B06D8AF8}.Debug|x64.Build.0 = Debug|x64
		{E200A6E0-FA99-4008-8C2E-7253B06D8AF8}.Release|Win32.ActiveCfg = Release|Win32
		{E200A6E0-FA99-4008-8C2E-7253B06D8AF8}.Release|Win32.Build.0 = Release|Win32
		{E200A6E0-FA99-4008-8C2E-7253B06D8AF8}.Release|x64.ActiveCfg = Release|x64
		{E200A6E0-FA99-4008-8C2E-7253B06D8AF8}.Release|x64.Build.0 = Release|x64
		{8D3CF892-BDEF-49D6-B96C-A35A7C002726}.Debug|Win32.ActiveCfg = Debug|Win32
		{8D3CF892-BDEF-49D6-B96C-A35A7C002726}.Debug|Win32.Build.0 = Debug|Win32
		{8D3CF892-BDEF-49D6-B96C-A35A7C002726}.Debug|x64.ActiveCfg = Debug|x64
		{8D3CF892-BDEF-49D6-B96C-A35A7C002726}.Debug|x64.Build.0 = Debug|x64
		{8D3CF892-BDEF-49D6-B96C-A35A7C002726}.Release|Win32.ActiveCfg = Release|Win32
		{8D3CF892-BDEF-49D6-B96C-A35A7C002726}.Release|Win32.Build.0 = Release|Win32
		{8D3CF892-BDEF-49D6-B96C-A35A7C002726}.Release|x64.ActiveCfg = Release|x64
		{8D3CF892-BDEF-49D6-B96C-A35A7C002726}.Release|x64.Build.0 = Release|x64
		{2EA5294D-6079-4DAE-B0E3-BD5BB6EE8D0C}.Debug|Win32.ActiveCfg = Debug|Win32
		{2EA5294D-6079-4DAE-B0E3-BD5BB6EE8D0C}.Debug|Win32.Build.0 = Debug|Win32
		{2EA5294D-6079-4DAE-B0E3-BD5BB6EE8D0C}.Debug|x64.ActiveCfg = Debug|x64
		{2EA5294D-6079-4DAE-B0E3-BD5BB6EE8D0C}.Debug|x64.Build.0 = Debug|x64
		{2EA5294D-6079-4DAE-B0E3-BD5BB6EE8D0C}.Release|Win32.ActiveCfg = Release|Win32
		{2EA5294D-6079-4DAE-B0E3-BD5BB6EE8D0C}.Release|Win32.Build.0 = Release|Win32
		{2EA5294D-6079-4DAE-B0E3-BD5BB6EE8D0C}.Release|x64.ActiveCfg = Release|x64
		{2EA5294D-6079-4DAE-B0E3-BD5BB6EE8D0C}.Release|x64.Build.0 = Release|x64
		{6A654028-E626-43BF-8A87-F950D7397211}.Debug|Win32.ActiveCfg = Debug|Win32
		{6A654028-E626-43BF-8A87-F950D7397211}.Debug|Win32.Build.0 = Debug|Win32
		{6A654028-E626-43BF-8A87-F950D7397211}.Debug|x64.ActiveCfg = Debug|x64
		{6A654028-E626-43BF-8A87-F950D7397211}.Debug|x64.Build.0 = Debug|x64
		{6A654028-E626-43BF-8A87-F950D7397211}.Release|Win32.ActiveCfg = Release|Win32
		{6A654028-E626-43BF-8A87-F950D7397211}.Release|Win32.Build.0 = Release|Win32
		{6A654028-E626-43BF-8A87-F950D7397211}.Release|x64.ActiveCfg = Release|x64
		{6A654028-E626-43BF-8A87-F950D7397211}.Release|x64.Build.0 = Release|x64
		{CC054A7B-977D-428D-8356-B44B9C9B4886}.Debug|Win32.ActiveCfg = Debug|Win32
		{CC054A7B-977D-428D-8356-B44B9C9B4886}.Debug|Win32.Build.0 = Debug|Win32
		{CC054A7B-977D-428D-8356-B44B9C9B4886}.Debug|x64.ActiveCfg = Debug|x64
		{CC054A7B-977D-428D-8356-B44B9C9B4886}.Debug|x64.Build.0 = Debug|x64
		{CC054A7B-977D-428D-8356-B44B9C9B4886}.Release|Win32.ActiveCfg = Release|Win32
		{CC054A7B-977D-428D-8356-B44B9C9B4886}.Release|Win32.Build.0 = Release|Win32
		{CC054A7B-977D-428D-8356-B44B9C9B4886}.Release|x64.ActiveCfg = Release|x64
		{CC054A7B-977D-428D-8356-B44B9C9B4886}.Release|x64.Build.0 = Release|x64
		{3C99736D-97DF-4BF1-A22B-7050230303A6}.Debug|Win32.ActiveCfg = Debug|Win32
		{3C99736D-97DF-4BF1-A22B-7050230303A6}.Debug|Win32.Build.0 = Debug|Win32
		{3C99736D-97DF-4BF1-A22B-7050230303A6}.Debug|x64.ActiveCfg = Debug|x64
		{3C99736D-97DF-4BF1-A22B-7050230303A6}.Debug|x64.Build.0 = Debug|x64
		{3C99736D-97DF-4BF1-A22B-7050230303A6}.Release|Win32.ActiveCfg = Release|Win32
		{3C99736D-97DF-4BF1-A22B-7050230303A6}.Release|Win32.Build.0 = Release|Win32
		{3C99736D-97DF-4BF1-A22B-7050230303A6}.Release|x64.ActiveCfg = Release|x64
		{3C99736D-97DF-4BF1-A22B-7050230303A6}.Release|x64.Build.0 = Release|x64
		{7C25834A-577E-4F10-97B9-BAEEEFD30388}.Debug|Win32.ActiveCfg = Debug|Win32
		{7C25834A-577E-4F10-97B9-BAEEEFD30388}.Debug|Win32.Build.0 = Debug|Win32
		{7C25834A-577E-4F10-97B9-BAEEEFD30388}.Debug|x64.ActiveCfg = Debug|x64
		{7C25834A-577E-4F10-97B9-BAEEEFD30388}.Debug|x64.Build.0 = Debug|x64
		{7C25834A-577E-4F10-97B9-BAEEEFD30388}.Release|Win32.ActiveCfg = Release|Win32
		{7C25834A-577E-4F10-97B9-BAEEEFD30388}.Release|Win32.Build.0 = Release|Win32
		{7C25834A-577E-4F10-97B9-BAEEEFD30388}.Release|x64.ActiveCfg = Release|x64
		{7C25834A-577E-4F10-97B9-BAEEEFD30388}.Release|x64.Build.0 = Release|x64
		{94409D12-F34F-4A93-825B-4191EA1FBCCB}.Debug|Win32.ActiveCfg = Debug|Win32
		{94409D12-F34F-4A93-825B-4191EA1FBCCB}.Debug|Win32.Build.0 = Debug|Win32
		{94409D12-F34F-4A93-825B-4191EA1FBCCB}.Debug|x64.ActiveCfg = Debug|x64
		{94409D12-F34F-4A93-825B-4191EA1FBCCB}.Debug|x64.Build.0 = Debug|x64
		{94409D12-F34F-4A93-825B-4191EA1FBCCB}.Release|Win32.ActiveCfg = Release|Win32
		{94409D12-F34F-4A93-825B-4191EA1FBCCB}.Release|Win32.Build.0 = Release|Win32
		{94409D12-F34F-4A93-825B-4191EA1FBCCB}.Release|x64.ActiveCfg = Release|x64
		{94409D12-F34F-4A93-825B-4191EA1FBCCB}.Release|x64.Build.0 = Release|x64
		{2CFDAD5F-167E-4540-92DD-9312596E0C5B}.Debug|Win32.ActiveCfg = Debug|Win32
		{2CFDAD5F-167E-4540-92DD-9312596E0C5B}.Debug|Win32.Build.0 = Debug|Win32
		{2CFDAD5F-167E-4540-92DD-9312596E0C5B}.Debug|x64.ActiveCfg = Debug|x64
		{2CFDAD5F-167E-4540-92DD-9312596E0C5B}.Debug|x64.Build.0 = Debug|x64
		{2CFDAD5F-167E-4540-92DD-9312596E0C5B}.Release|Win32.ActiveCfg = Release|Win32
		{2CFDAD5F-167E-4540-92DD-9312596E0C5B}.Release|Win32.Build.0 = Release|Win32
		{2CFDAD5F-167E-4540-92DD-9312596E0C5B}.Release|x64.ActiveCfg = Release|x64
		{2CFDAD5F-167E-4540-92DD-9312596E0C5B}.Release|x64.Build.0 = Release|x64
		{8B968157-83A9-493E-AABE-5E59CD03BC39}.Debug|Win32.ActiveCfg = Debug|Win32
		{8B968157-83A9-493E-AABE-5E59CD03BC39}.Debug|Win32.Build.0 = Debug|Win32
		{8B968157-83A9-493E-AABE-5E59CD03BC39}.Debug|x64.ActiveCfg = Debug|x64
		{8B968157-83A9-493E-AABE-5E59CD03BC39}.Debug|x64.Build.0 = Debug|x64
		{8B968157-83A9-493E-AABE-5E59CD03BC39}.Release|Win32.ActiveCfg = Release|Win32
		{8B968157-83A9-493E-AABE-5E59CD03BC39}.Release|Win32.Build.0 = Release|Win32
		{8B968157-83A9-493E-AABE-5E59CD03BC39}.Release|x64.ActiveCfg = Release|x64
		{8B968157-83A9-493E-AABE-5E59CD03BC39}.Release|x64.Build.0 = Release|x64
		{3974A047-E48D-4F0F-BD97-59267AEE2F8B}.Debug|Win32.ActiveCfg = Debug|Win32
		{3974A047-E48D-4F0F-BD97-59267AEE2F8B}.Debug|Win32.Build.0 = Debug|Win32
		{3974A047-E48D-4F0F-BD97-59267AEE2F8B}.Debug|x64.ActiveCfg = Debug|x64
		{3974A047-E48D-4F0F-BD97-59267AEE2F8B}.Debug|x64.Build.0 = Debug|x64
		{3974A047-E48D-4F0F-BD97-59267AEE2F8B}.Release|Win32.ActiveCfg = Release|Win32
		{3974A047-E48D-4F0F-BD97-59267AEE2F8B}.Release|Win32.Build.0 = Release|Win32
		{3974A047-E48D-4F0F-BD97-59267AEE2F8B}.Release|x64.ActiveCfg = Release|x64
		{3974A047-E48D-4F0F-BD97-59267AEE2F8B}.Release|x64.Build.0 = Release|x64
		{CDC7C74C-3780-49D3-924F-997E254AF032}.Debug|Win32.ActiveCfg = Debug|Win32
		{CDC7C74C-3780-49D3-924F-997E254AF032}.Debug|Win32.Build.0 = Debug|Win32
		{CDC7C74C-3780-49D3-924F-997E254AF032}.Debug|x64.ActiveCfg = Debug|x64
		{CDC7C74C-3780-49D3-924F-997E254AF032}.Debug|x64.Build.0 = Debug|x64
		{CDC7C74C-3780-49D3-924F-997E254AF032}.Release|Win32.ActiveCfg = Release|Win32
		{CDC7C74C-3780-49D3-924F-997E254AF032}.Release|Win32.Build.0 = Release|Win32
		{CDC7C74C-3780-49D3-924F-997E254AF032}.Release|x64.ActiveCfg = Release|x64
		{CDC7C74C-3780-49D3-924F-997E254AF032}.Release|x64.Build.0 = Release|x64
		{34B1EAB9-2758-46DA-8866-15F8D320E6A8}.Debug|Win32.ActiveCfg = Debug|Win32
		{34B1EAB9-2758-46DA-8866-15F8D320E6A8}.Debug|Win32.Build.0 = Debug|Win32
		{34B1EAB9-2758-46DA-8866-15F8D320E6A8}.Debug|x64.ActiveCfg = Debug|x64
		{34B1EAB9-2758-46DA-8866-15F8D320E6A8}.Debug|x64.Build.0 = Debug|x64
		{34B1EAB9-2758-46DA-8866-15F8D320E6A8}.Release|Win32.ActiveCfg = Release|Win32
		{34B1EAB9-2758-46DA-8866-15F8D320E6A8}.Release|Win32.Build.0 = Release|Win32
		{34B1EAB9-2758-46DA-8866-15F8D320E6A8}.Release|x64.ActiveCfg = Release|x64
		{34B1EAB9-2758-46DA-8866-15F8D320E6A8}.Release|x64.Build.0 = Release|x64
		{E9CD3176-ED12-4DE9-8227-60DF66F5D0AD}.Debug|Win32.ActiveCfg = Debug|Win32
		{E9CD3176-ED12-4DE9-8227-60DF66F5D0AD}.Debug|Win32.Build.0 = Debug|Win32
		{E9CD3176-ED12-4DE9-8227-60DF66F5D0AD}.Debug|x64.ActiveCfg = Debug|x64
		{E9CD3176-ED12-4DE9-8227-60DF66F5D0AD}.Debug|x64.Build.0 = Debug|x64
		{E9CD3176-ED12-4DE9-8227-60DF66F5D0AD}.Release|Win32.ActiveCfg = Release|Win32
		{E9CD3176-ED12-4DE9-8227-60DF66F5D0AD}.Release|Win32.Build.0 = Release|Win32
		{E9CD3176-ED12-4DE9-8227-60DF66F5D0AD}.Release|x64.ActiveCfg = Release|x64
		{E9CD3176-ED12-4DE9-8227-60DF66F5D0AD}.Release|x64.Build.0 = Release|x64
		{A85F02F4-E2CE-4A92-8071-EE637A6A0A7B}.Debug|Win32.ActiveCfg = Debug|Win32
		{A85F02F4-E2CE-4A92-8071-EE637A6A0A7B}.Debug|Win32.Build.0 = Debug|Win32
		{A85F02F4-E2CE-4A92-8071-EE637A6A0A7B}.Debug|x64.ActiveCfg = Debug|x64
		{A85F02F4-E2CE-4A92-8071-EE637A6A0A7B}.Debug|x64.Build.0 = Debug|x64
		{A85F02F4-E2CE-4A92-8071-EE637A6A0A7B}.Release|Win32.ActiveCfg = Release|Win32
		{A85F02F4-E2CE-4A92-8071-EE637A6A0A7B}.Release|Win32.Build.0 = Release|Win32
		{A85F02F4-E2CE-4A92-8071-EE637A6A0A7B}.Release|x64.ActiveCfg = Release|x64
		{A85F02F4-E2CE-4A92-8071-EE637A6A0A7B}.Release|x64.Build.0 = Release|x64
		{B3A747CD-3767-4461-8A61-46D231070DF9}.Debug|Win32.ActiveCfg = Debug|Win32
		{B3A747CD-3767-4461-8A61-46D231070DF9}.Debug|Win32.Build.0 = Debug|Win32
		{B3A747CD-3767-4461-8A61-46D231070DF9}.Debug|x64.ActiveCfg = Debug|x64
		{B3A747CD-3767-4461-8A61-46D231070DF9}.Debug|x64.Build.0 = Debug|x64
		{B3A747CD-3767-4461-8A61-46D231070DF9}.Release|Win32.ActiveCfg = Release|Win32
		{B3A747CD-3767-4461-8A61-46D231070DF9}.Release|Win32.Build.0 = Release|Win32
		{B3A747CD-3767-4461-8A61-46D231070DF9}.Release|x64.ActiveCfg = Release|x64
		{B3A747CD-3767-4461-8A61-46D231070DF9}.Release|x64.Build.0 = Release|x64
	EndGlobalSection
	GlobalSection(SolutionProperties) = preSolution
		HideSolutionNode = FALSE
	EndGlobalSection
	GlobalSection(ExtensibilityGlobals) = postSolution
		SolutionGuid = {60175F1B-985C-4C1B-BA6A-7500C152BE50}
	EndGlobalSection
EndGlobal
